<?xml version="1.0" encoding="utf-8"?>
<Project ToolsVersion="4.0" xmlns="http://schemas.microsoft.com/developer/msbuild/2003">
  <ItemGroup>
    <Filter Include="소스 파일">
      <UniqueIdentifier>{4FC737F1-C7A5-4376-A066-2A32D752A2FF}</UniqueIdentifier>
      <Extensions>cpp;c;cc;cxx;c++;cppm;ixx;def;odl;idl;hpj;bat;asm;asmx</Extensions>
    </Filter>
    <Filter Include="헤더 파일">
      <UniqueIdentifier>{93995380-89BD-4b04-88EB-625FBE52EBFB}</UniqueIdentifier>
      <Extensions>h;hh;hpp;hxx;h++;hm;inl;inc;ipp;xsd</Extensions>
    </Filter>
    <Filter Include="리소스 파일">
      <UniqueIdentifier>{67DA6AB6-F800-4c08-8B7A-83BB121AAD01}</UniqueIdentifier>
      <Extensions>rc;ico;cur;bmp;dlg;rc2;rct;bin;rgs;gif;jpg;jpeg;jpe;resx;tiff;tif;png;wav;mfcribbon-ms</Extensions>
    </Filter>
    <Filter Include="00. MainGame">
      <UniqueIdentifier>{751abb97-f046-4641-bbcf-e0e48d1ad069}</UniqueIdentifier>
    </Filter>
    <Filter Include="01. Obj">
      <UniqueIdentifier>{0c5ab57a-ac88-460d-8f29-7d9bc46c12b1}</UniqueIdentifier>
    </Filter>
    <Filter Include="02. Design">
      <UniqueIdentifier>{86d5c7c3-01dd-4565-87ca-cf52db14b6dc}</UniqueIdentifier>
    </Filter>
    <Filter Include="01. Obj\01. GameObject">
      <UniqueIdentifier>{8c20fb60-d383-43fd-8b74-c6e294592dbf}</UniqueIdentifier>
    </Filter>
    <Filter Include="01. Obj\01. GameObject\00. Player">
      <UniqueIdentifier>{a3b9cd45-07f1-4ca0-bf45-ef3dd2b390c3}</UniqueIdentifier>
    </Filter>
    <Filter Include="01. Obj\01. GameObject\01. Monster">
      <UniqueIdentifier>{4c71cb03-c434-45ee-9cc4-e0e0edb23599}</UniqueIdentifier>
    </Filter>
    <Filter Include="01. Obj\02. Projectile">
      <UniqueIdentifier>{400483be-6798-4458-9159-3392daa0345a}</UniqueIdentifier>
    </Filter>
    <Filter Include="01. Obj\02. Projectile\01. Bullet">
      <UniqueIdentifier>{5a8bcd62-4e9a-486a-abd0-4fde9f2220d0}</UniqueIdentifier>
    </Filter>
    <Filter Include="01. Obj\02. Projectile\02. Shield">
      <UniqueIdentifier>{2b5c329d-5146-495e-b613-cf398948982a}</UniqueIdentifier>
    </Filter>
    <Filter Include="01. Obj\02. Projectile\03. Laser">
      <UniqueIdentifier>{c0aeb5de-425e-4a8f-a4bf-826e24ec6408}</UniqueIdentifier>
    </Filter>
    <Filter Include="02. Design\00. AbstractFactory">
      <UniqueIdentifier>{014020bd-e9a9-4749-ac24-3a6dd8917dbf}</UniqueIdentifier>
    </Filter>
    <Filter Include="02. Design\01. Collision">
      <UniqueIdentifier>{08dc6c88-7270-43e7-a9f9-fc9e95e387a3}</UniqueIdentifier>
    </Filter>
    <Filter Include="01. Obj\02. Projectile\01. Bullet\01. NormalBullet">
      <UniqueIdentifier>{f9238462-b765-4217-8195-048306dd8284}</UniqueIdentifier>
    </Filter>
    <Filter Include="01. Obj\02. Projectile\01. Bullet\02. GuideBullet">
      <UniqueIdentifier>{4b1d1682-93b1-4aea-8f2e-764f01ebfcb2}</UniqueIdentifier>
    </Filter>
    <Filter Include="01. Obj\01. GameObject\02. MiniAirplane">
      <UniqueIdentifier>{ba5a810c-121e-4b2c-a5ad-dfc6d226ebd5}</UniqueIdentifier>
    </Filter>
  </ItemGroup>
  <ItemGroup>
    <ClInclude Include="framework.h">
      <Filter>헤더 파일</Filter>
    </ClInclude>
    <ClInclude Include="targetver.h">
      <Filter>헤더 파일</Filter>
    </ClInclude>
    <ClInclude Include="Resource.h">
      <Filter>헤더 파일</Filter>
    </ClInclude>
    <ClInclude Include="Main.h">
      <Filter>헤더 파일</Filter>
    </ClInclude>
    <ClInclude Include="General\Define.h">
      <Filter>헤더 파일</Filter>
    </ClInclude>
    <ClInclude Include="General\CObj.h">
      <Filter>01. Obj</Filter>
    </ClInclude>
    <ClInclude Include="Manager\CMainGame.h">
      <Filter>00. MainGame</Filter>
    </ClInclude>
    <ClInclude Include="Unit\GameObject.h">
      <Filter>01. Obj\01. GameObject</Filter>
    </ClInclude>
    <ClInclude Include="Unit\Player.h">
      <Filter>01. Obj\01. GameObject\00. Player</Filter>
    </ClInclude>
    <ClInclude Include="Unit\Monster.h">
      <Filter>01. Obj\01. GameObject\01. Monster</Filter>
    </ClInclude>
    <ClInclude Include="General\AbstractFactory.h">
      <Filter>02. Design\00. AbstractFactory</Filter>
    </ClInclude>
    <ClInclude Include="General\Collision.h">
      <Filter>02. Design\01. Collision</Filter>
    </ClInclude>
    <ClInclude Include="Projectile\Bullet\NormalBullet.h">
      <Filter>01. Obj\02. Projectile\01. Bullet\01. NormalBullet</Filter>
    </ClInclude>
    <ClInclude Include="Projectile\Bullet\Bullet.h">
      <Filter>01. Obj\02. Projectile\01. Bullet</Filter>
    </ClInclude>
    <ClInclude Include="Projectile\Bullet\GuidedBullet.h">
      <Filter>01. Obj\02. Projectile\01. Bullet\02. GuideBullet</Filter>
    </ClInclude>
    <ClInclude Include="Projectile\Shield.h">
      <Filter>01. Obj\02. Projectile\02. Shield</Filter>
    </ClInclude>
    <ClInclude Include="Projectile\Laser.h">
      <Filter>01. Obj\02. Projectile\03. Laser</Filter>
    </ClInclude>
    <ClInclude Include="Unit\MiniAirplane.h">
      <Filter>01. Obj\01. GameObject\02. MiniAirplane</Filter>
    </ClInclude>
  </ItemGroup>
  <ItemGroup>
    <ClCompile Include="Main.cpp">
      <Filter>소스 파일</Filter>
    </ClCompile>
    <ClCompile Include="General\CObj.cpp">
      <Filter>01. Obj</Filter>
    </ClCompile>
    <ClCompile Include="Manager\CMainGame.cpp">
      <Filter>00. MainGame</Filter>
    </ClCompile>
    <ClCompile Include="Unit\GameObject.cpp">
      <Filter>01. Obj\01. GameObject</Filter>
    </ClCompile>
    <ClCompile Include="Unit\Player.cpp">
      <Filter>01. Obj\01. GameObject\00. Player</Filter>
    </ClCompile>
    <ClCompile Include="Unit\Monster.cpp">
      <Filter>01. Obj\01. GameObject\01. Monster</Filter>
    </ClCompile>
    <ClCompile Include="General\Collision.cpp">
      <Filter>02. Design\01. Collision</Filter>
    </ClCompile>
    <ClCompile Include="Projectile\Bullet\NormalBullet.cpp">
      <Filter>01. Obj\02. Projectile\01. Bullet\01. NormalBullet</Filter>
    </ClCompile>
    <ClCompile Include="Projectile\Bullet\Bullet.cpp">
      <Filter>01. Obj\02. Projectile\01. Bullet</Filter>
    </ClCompile>
    <ClCompile Include="Projectile\Bullet\GuidedBullet.cpp">
      <Filter>01. Obj\02. Projectile\01. Bullet\02. GuideBullet</Filter>
    </ClCompile>
    <ClCompile Include="Projectile\Shield.cpp">
      <Filter>01. Obj\02. Projectile\02. Shield</Filter>
    </ClCompile>
    <ClCompile Include="Projectile\Laser.cpp">
      <Filter>01. Obj\02. Projectile\03. Laser</Filter>
    </ClCompile>
    <ClCompile Include="MiniAirplane.cpp">
      <Filter>01. Obj\01. GameObject\02. MiniAirplane</Filter>
    </ClCompile>
  </ItemGroup>
  <ItemGroup>
    <ResourceCompile Include="Jusin-1945.rc">
      <Filter>리소스 파일</Filter>
    </ResourceCompile>
  </ItemGroup>
  <ItemGroup>
    <Image Include="small.ico">
      <Filter>리소스 파일</Filter>
    </Image>
    <Image Include="Jusin-1945.ico">
      <Filter>리소스 파일</Filter>
    </Image>
  </ItemGroup>
</Project>